# THIS IS AN AUTOGENERATED FILE. DO NOT EDIT THIS FILE DIRECTLY.
# yarn lockfile v1


"@types/prop-types@*":
  version "15.7.13"
  resolved "http://artifactory.intra.ke.com/artifactory/api/npm/npm-virtual/@types/prop-types/-/prop-types-15.7.13.tgz#2af91918ee12d9d32914feb13f5326658461b451"
  integrity sha1-KvkZGO4S2dMpFP6xP1MmZYRhtFE=

"@types/react@^18.3.11":
  version "18.3.11"
  resolved "http://artifactory.intra.ke.com/artifactory/api/npm/npm-virtual/@types/react/-/react-18.3.11.tgz#9d530601ff843ee0d7030d4227ea4360236bd537"
  integrity sha1-nVMGAf+EPuDXAw1CJ+pDYCNr1Tc=
  dependencies:
    "@types/prop-types" "*"
    csstype "^3.0.2"

csstype@^3.0.2:
  version "3.1.3"
  resolved "http://artifactory.intra.ke.com/artifactory/api/npm/npm-virtual/csstype/-/csstype-3.1.3.tgz#d80ff294d114fb0e6ac500fbf85b60137d7eff81"
  integrity sha1-2A/ylNEU+w5qxQD7+FtgE31+/4E=

"js-tokens@^3.0.0 || ^4.0.0":
  version "4.0.0"
  resolved "http://artifactory.intra.ke.com/artifactory/api/npm/npm-virtual/js-tokens/-/js-tokens-4.0.0.tgz#19203fb59991df98e3a287050d4647cdeaf32499"
  integrity sha1-GSA/tZmR35jjoocFDUZHzerzJJk=

loose-envify@^1.1.0:
  version "1.4.0"
  resolved "http://artifactory.intra.ke.com/artifactory/api/npm/npm-virtual/loose-envify/-/loose-envify-1.4.0.tgz#71ee51fa7be4caec1a63839f7e682d8132d30caf"
  integrity sha1-ce5R+nvkyuwaY4OffmgtgTLTDK8=
  dependencies:
    js-tokens "^3.0.0 || ^4.0.0"

react-dom@^18.3.1:
  version "18.3.1"
  resolved "http://artifactory.intra.ke.com/artifactory/api/npm/npm-virtual/react-dom/-/react-dom-18.3.1.tgz#c2265d79511b57d479b3dd3fdfa51536494c5cb4"
  integrity sha1-wiZdeVEbV9R5s90/36UVNklMXLQ=
  dependencies:
    loose-envify "^1.1.0"
    scheduler "^0.23.2"

react@^18.3.1:
  version "18.3.1"
  resolved "http://artifactory.intra.ke.com/artifactory/api/npm/npm-virtual/react/-/react-18.3.1.tgz#49ab892009c53933625bd16b2533fc754cab2891"
  integrity sha1-SauJIAnFOTNiW9FrJTP8dUyrKJE=
  dependencies:
    loose-envify "^1.1.0"

scheduler@^0.23.2:
  version "0.23.2"
  resolved "http://artifactory.intra.ke.com/artifactory/api/npm/npm-virtual/scheduler/-/scheduler-0.23.2.tgz#414ba64a3b282892e944cf2108ecc078d115cdc3"
  integrity sha1-QUumSjsoKJLpRM8hCOzAeNEVzcM=
  dependencies:
    loose-envify "^1.1.0"
